
Microsoft Visual Studio Solution File, Format Version 12.00
# Visual Studio Version 17
VisualStudioVersion = 17.5.33516.290
MinimumVisualStudioVersion = 10.0.40219.1
Project("{FAE04EC0-301F-11D3-BF4B-00C04F79EFBC}") = "OtoGaleri_Otomasyon_ConsoleApp", "OtoGaleri_Otomasyon_ConsoleApp\OtoGaleri_Otomasyon_ConsoleApp.csproj", "{1F8583A6-1E65-4D78-89EB-8DF02FA4A087}"
EndProject
Global
	GlobalSection(SolutionConfigurationPlatforms) = preSolution
		Debug|Any CPU = Debug|Any CPU
		Release|Any CPU = Release|Any CPU
	EndGlobalSection
	GlobalSection(ProjectConfigurationPlatforms) = postSolution
		{1F8583A6-1E65-4D78-89EB-8DF02FA4A087}.Debug|Any CPU.ActiveCfg = Debug|Any CPU
		{1F8583A6-1E65-4D78-89EB-8DF02FA4A087}.Debug|Any CPU.Build.0 = Debug|Any CPU
		{1F8583A6-1E65-4D78-89EB-8DF02FA4A087}.Release|Any CPU.ActiveCfg = Release|Any CPU
		{1F8583A6-1E65-4D78-89EB-8DF02FA4A087}.Release|Any CPU.Build.0 = Release|Any CPU
	EndGlobalSection
	GlobalSection(SolutionProperties) = preSolution
		HideSolutionNode = FALSE
	EndGlobalSection
	GlobalSection(ExtensibilityGlobals) = postSolution
		SolutionGuid = {16C84E01-F4F6-4AC0-81A7-2F5665F77AEA}
	EndGlobalSection
EndGlobal
